# This file is automatically @generated by Cargo.
# It is not intended for manual editing.
version = 4

[[package]]
name = "anet-linux-credential-baseline"
version = "0.1.0"
dependencies = [
 "keyring",
]

[[package]]
name = "keyring"
version = "3.6.3"
source = "registry+https://github.com/rust-lang/crates.io-index"
checksum = "eebcc3aff044e5944a8fbaf69eb277d11986064cba30c468730e8b9909fb551c"
dependencies = [
 "log",
 "zeroize",
]

[[package]]
name = "log"
version = "0.4.34"
source = "registry+https://github.com/rust-lang/crates.io-index"
checksum = "f9f8bd3e56ce4dfc153cf470fffbfa98c7620958b312ca5c3a4b8d5181fd13c6"

[[package]]
name = "zeroize"
version = "1.9.0"
source = "registry+https://github.com/rust-lang/crates.io-index"
checksum = "e13c156562582aa81c60cb29407084cdb54c4164760106ab78e6c5b0858cf64e"

