{
  "lockfileVersion": 1,
  "configVersion": 1,
  "workspaces": {
    "": {
      "dependencies": {
        "react": "19.2.3",
        "react-test-renderer": "19.2.3",
      },
    },
  },
  "packages": {
    "react": ["react@19.2.3", "", {}, "sha512-Ku/hhYbVjOQnXDZFv2+RibmLFGwFdeeKHFcOTlrt7xplBnya5OGn/hIRDsqDiSUcfORsDC7MPxwork8jBwsIWA=="],

    "react-is": ["react-is@19.3.0", "", {}, "sha512-UpMYezM4v5/18F28aC66AEsjXIgE02kyEMH6yLdgLXu/UTfa1Ntwck/nNLrbqJsEXW7gPb0coNO9FQse9WTovA=="],

    "react-test-renderer": ["react-test-renderer@19.2.3", "", { "dependencies": { "react-is": "^19.2.3", "scheduler": "^0.27.0" }, "peerDependencies": { "react": "^19.2.3" } }, "sha512-TMR1LnSFiWZMJkCgNf5ATSvAheTT2NvKIwiVwdBPHxjBI7n/JbWd4gaZ16DVd9foAXdvDz+sB5yxZTwMjPRxpw=="],

    "scheduler": ["scheduler@0.27.0", "", {}, "sha512-eNv+WrVbKu1f3vbYJT/xtiF5syA5HPIMtf9IgY/nKg0sWqzAUEvqY/xm7OcZc/qafLx/iO9FgOmeSAp4v5ti/Q=="],
  }
}
